
Microsoft Visual Studio Solution File, Format Version 12.00
# Visual Studio Version 17
VisualStudioVersion = 17.3.32901.215
MinimumVisualStudioVersion = 10.0.40219.1
Project("{FAE04EC0-301F-11D3-BF4B-00C04F79EFBC}") = "ConsoleCalculator", "ConsoleCalculator\ConsoleCalculator.csproj", "{0257DFB1-9EC9-4F48-942C-6371BF89665C}"
EndProject
Global
	GlobalSection(SolutionConfigurationPlatforms) = preSolution
		Debug|Any CPU = Debug|Any CPU
		Release|Any CPU = Release|Any CPU
	EndGlobalSection
	GlobalSection(ProjectConfigurationPlatforms) = postSolution
		{0257DFB1-9EC9-4F48-942C-6371BF89665C}.Debug|Any CPU.ActiveCfg = Debug|Any CPU
		{0257DFB1-9EC9-4F48-942C-6371BF89665C}.Debug|Any CPU.Build.0 = Debug|Any CPU
		{0257DFB1-9EC9-4F48-942C-6371BF89665C}.Release|Any CPU.ActiveCfg = Release|Any CPU
		{0257DFB1-9EC9-4F48-942C-6371BF89665C}.Release|Any CPU.Build.0 = Release|Any CPU
	EndGlobalSection
	GlobalSection(SolutionProperties) = preSolution
		HideSolutionNode = FALSE
	EndGlobalSection
	GlobalSection(ExtensibilityGlobals) = postSolution
		SolutionGuid = {04074958-D785-429B-839D-9173CD710A31}
	EndGlobalSection
EndGlobal
